
Microsoft Visual Studio Solution File, Format Version 12.00
# Visual Studio Version 17
VisualStudioVersion = 17.3.32901.215
MinimumVisualStudioVersion = 10.0.40219.1
Project("{888888A0-9F3D-457C-B088-3A5042F75D52}") = "Basic Python 3", "Basic Python 3\Basic Python 3.pyproj", "{36A77C63-518A-40B7-A084-66F587C02DCF}"
EndProject
Global
	GlobalSection(SolutionConfigurationPlatforms) = preSolution
		Debug|Any CPU = Debug|Any CPU
		Release|Any CPU = Release|Any CPU
	EndGlobalSection
	GlobalSection(ProjectConfigurationPlatforms) = postSolution
		{36A77C63-518A-40B7-A084-66F587C02DCF}.Debug|Any CPU.ActiveCfg = Debug|Any CPU
		{36A77C63-518A-40B7-A084-66F587C02DCF}.Release|Any CPU.ActiveCfg = Release|Any CPU
	EndGlobalSection
	GlobalSection(SolutionProperties) = preSolution
		HideSolutionNode = FALSE
	EndGlobalSection
	GlobalSection(ExtensibilityGlobals) = postSolution
		SolutionGuid = {C00E51AD-C336-4DC9-9A5A-FD0F8B635A06}
	EndGlobalSection
EndGlobal
